
Microsoft Visual Studio Solution File, Format Version 12.00
# Visual Studio Version 17
VisualStudioVersion = 17.0.31903.59
MinimumVisualStudioVersion = 10.0.40219.1
Project("{2150E333-8FDC-42A3-9474-1A3956D46DE8}") = "DocumentAPI", "DocumentAPI", "{629F44DD-2E25-F341-4FBA-74C51EE222EF}"
EndProject
Project("{FAE04EC0-301F-11D3-BF4B-00C04F79EFBC}") = "DocumentAPI", "DocumentAPI\DocumentAPI\DocumentAPI.csproj", "{D1A76EC4-6401-4440-AC3B-5DD675576E6F}"
EndProject
Project("{FAE04EC0-301F-11D3-BF4B-00C04F79EFBC}") = "AuthAPI", "AuthAPI\AuthAPI.csproj", "{A60102B1-F3C0-45AF-829D-4A15C7A75794}"
EndProject
Project("{FAE04EC0-301F-11D3-BF4B-00C04F79EFBC}") = "EcomAPI", "EcomAPI\EcomAPI.csproj", "{19E59A39-3F1D-47EA-854F-138C044BBA4A}"
EndProject
Global
	GlobalSection(SolutionConfigurationPlatforms) = preSolution
		Debug|Any CPU = Debug|Any CPU
		Debug|x64 = Debug|x64
		Debug|x86 = Debug|x86
		Release|Any CPU = Release|Any CPU
		Release|x64 = Release|x64
		Release|x86 = Release|x86
	EndGlobalSection
	GlobalSection(ProjectConfigurationPlatforms) = postSolution
		{D1A76EC4-6401-4440-AC3B-5DD675576E6F}.Debug|Any CPU.ActiveCfg = Debug|Any CPU
		{D1A76EC4-6401-4440-AC3B-5DD675576E6F}.Debug|Any CPU.Build.0 = Debug|Any CPU
		{D1A76EC4-6401-4440-AC3B-5DD675576E6F}.Debug|x64.ActiveCfg = Debug|Any CPU
		{D1A76EC4-6401-4440-AC3B-5DD675576E6F}.Debug|x64.Build.0 = Debug|Any CPU
		{D1A76EC4-6401-4440-AC3B-5DD675576E6F}.Debug|x86.ActiveCfg = Debug|Any CPU
		{D1A76EC4-6401-4440-AC3B-5DD675576E6F}.Debug|x86.Build.0 = Debug|Any CPU
		{D1A76EC4-6401-4440-AC3B-5DD675576E6F}.Release|Any CPU.ActiveCfg = Release|Any CPU
		{D1A76EC4-6401-4440-AC3B-5DD675576E6F}.Release|Any CPU.Build.0 = Release|Any CPU
		{D1A76EC4-6401-4440-AC3B-5DD675576E6F}.Release|x64.ActiveCfg = Release|Any CPU
		{D1A76EC4-6401-4440-AC3B-5DD675576E6F}.Release|x64.Build.0 = Release|Any CPU
		{D1A76EC4-6401-4440-AC3B-5DD675576E6F}.Release|x86.ActiveCfg = Release|Any CPU
		{D1A76EC4-6401-4440-AC3B-5DD675576E6F}.Release|x86.Build.0 = Release|Any CPU
		{A60102B1-F3C0-45AF-829D-4A15C7A75794}.Debug|Any CPU.ActiveCfg = Debug|Any CPU
		{A60102B1-F3C0-45AF-829D-4A15C7A75794}.Debug|Any CPU.Build.0 = Debug|Any CPU
		{A60102B1-F3C0-45AF-829D-4A15C7A75794}.Debug|x64.ActiveCfg = Debug|Any CPU
		{A60102B1-F3C0-45AF-829D-4A15C7A75794}.Debug|x64.Build.0 = Debug|Any CPU
		{A60102B1-F3C0-45AF-829D-4A15C7A75794}.Debug|x86.ActiveCfg = Debug|Any CPU
		{A60102B1-F3C0-45AF-829D-4A15C7A75794}.Debug|x86.Build.0 = Debug|Any CPU
		{A60102B1-F3C0-45AF-829D-4A15C7A75794}.Release|Any CPU.ActiveCfg = Release|Any CPU
		{A60102B1-F3C0-45AF-829D-4A15C7A75794}.Release|Any CPU.Build.0 = Release|Any CPU
		{A60102B1-F3C0-45AF-829D-4A15C7A75794}.Release|x64.ActiveCfg = Release|Any CPU
		{A60102B1-F3C0-45AF-829D-4A15C7A75794}.Release|x64.Build.0 = Release|Any CPU
		{A60102B1-F3C0-45AF-829D-4A15C7A75794}.Release|x86.ActiveCfg = Release|Any CPU
		{A60102B1-F3C0-45AF-829D-4A15C7A75794}.Release|x86.Build.0 = Release|Any CPU
		{19E59A39-3F1D-47EA-854F-138C044BBA4A}.Debug|Any CPU.ActiveCfg = Debug|Any CPU
		{19E59A39-3F1D-47EA-854F-138C044BBA4A}.Debug|Any CPU.Build.0 = Debug|Any CPU
		{19E59A39-3F1D-47EA-854F-138C044BBA4A}.Debug|x64.ActiveCfg = Debug|Any CPU
		{19E59A39-3F1D-47EA-854F-138C044BBA4A}.Debug|x64.Build.0 = Debug|Any CPU
		{19E59A39-3F1D-47EA-854F-138C044BBA4A}.Debug|x86.ActiveCfg = Debug|Any CPU
		{19E59A39-3F1D-47EA-854F-138C044BBA4A}.Debug|x86.Build.0 = Debug|Any CPU
		{19E59A39-3F1D-47EA-854F-138C044BBA4A}.Release|Any CPU.ActiveCfg = Release|Any CPU
		{19E59A39-3F1D-47EA-854F-138C044BBA4A}.Release|Any CPU.Build.0 = Release|Any CPU
		{19E59A39-3F1D-47EA-854F-138C044BBA4A}.Release|x64.ActiveCfg = Release|Any CPU
		{19E59A39-3F1D-47EA-854F-138C044BBA4A}.Release|x64.Build.0 = Release|Any CPU
		{19E59A39-3F1D-47EA-854F-138C044BBA4A}.Release|x86.ActiveCfg = Release|Any CPU
		{19E59A39-3F1D-47EA-854F-138C044BBA4A}.Release|x86.Build.0 = Release|Any CPU
	EndGlobalSection
	GlobalSection(SolutionProperties) = preSolution
		HideSolutionNode = FALSE
	EndGlobalSection
	GlobalSection(NestedProjects) = preSolution
		{D1A76EC4-6401-4440-AC3B-5DD675576E6F} = {629F44DD-2E25-F341-4FBA-74C51EE222EF}
	EndGlobalSection
	GlobalSection(ExtensibilityGlobals) = postSolution
		SolutionGuid = {BE694D38-B915-449C-B3CC-93A8249A3E41}
	EndGlobalSection
EndGlobal
