
Microsoft Visual Studio Solution File, Format Version 12.00
# Visual Studio Version 17
VisualStudioVersion = 17.14.36221.1 d17.14
MinimumVisualStudioVersion = 10.0.40219.1
Project("{FAE04EC0-301F-11D3-BF4B-00C04F79EFBC}") = "AuthService", "AuthService\AuthService.csproj", "{9E1AAE44-1FB5-495C-8A61-FF0462FF6C93}"
EndProject
Global
	GlobalSection(SolutionConfigurationPlatforms) = preSolution
		Debug|Any CPU = Debug|Any CPU
		Release|Any CPU = Release|Any CPU
	EndGlobalSection
	GlobalSection(ProjectConfigurationPlatforms) = postSolution
		{9E1AAE44-1FB5-495C-8A61-FF0462FF6C93}.Debug|Any CPU.ActiveCfg = Debug|Any CPU
		{9E1AAE44-1FB5-495C-8A61-FF0462FF6C93}.Debug|Any CPU.Build.0 = Debug|Any CPU
		{9E1AAE44-1FB5-495C-8A61-FF0462FF6C93}.Release|Any CPU.ActiveCfg = Release|Any CPU
		{9E1AAE44-1FB5-495C-8A61-FF0462FF6C93}.Release|Any CPU.Build.0 = Release|Any CPU
	EndGlobalSection
	GlobalSection(SolutionProperties) = preSolution
		HideSolutionNode = FALSE
	EndGlobalSection
	GlobalSection(ExtensibilityGlobals) = postSolution
		SolutionGuid = {34C955B7-189F-45C7-8BBF-69B7817CE4C8}
	EndGlobalSection
EndGlobal
